
Microsoft Visual Studio Solution File, Format Version 12.00
# Visual Studio Version 17
VisualStudioVersion = 17.3.32825.248
MinimumVisualStudioVersion = 10.0.40219.1
Project("{FAE04EC0-301F-11D3-BF4B-00C04F79EFBC}") = "BrightnessManagerWin", "BrightnessManagerWin\BrightnessManagerWin.csproj", "{E60BECB0-5529-4D00-82B6-655506489C24}"
EndProject
Project("{FAE04EC0-301F-11D3-BF4B-00C04F79EFBC}") = "AutoUpdater", "Autoupdater\AutoUpdater.csproj", "{B9139870-C060-4308-8ECA-50A9F109AD4D}"
EndProject
Global
	GlobalSection(SolutionConfigurationPlatforms) = preSolution
		Debug|Any CPU = Debug|Any CPU
		Release|Any CPU = Release|Any CPU
	EndGlobalSection
	GlobalSection(ProjectConfigurationPlatforms) = postSolution
		{E60BECB0-5529-4D00-82B6-655506489C24}.Debug|Any CPU.ActiveCfg = Debug|Any CPU
		{E60BECB0-5529-4D00-82B6-655506489C24}.Debug|Any CPU.Build.0 = Debug|Any CPU
		{E60BECB0-5529-4D00-82B6-655506489C24}.Release|Any CPU.ActiveCfg = Release|Any CPU
		{E60BECB0-5529-4D00-82B6-655506489C24}.Release|Any CPU.Build.0 = Release|Any CPU
		{B9139870-C060-4308-8ECA-50A9F109AD4D}.Debug|Any CPU.ActiveCfg = Debug|Any CPU
		{B9139870-C060-4308-8ECA-50A9F109AD4D}.Debug|Any CPU.Build.0 = Debug|Any CPU
		{B9139870-C060-4308-8ECA-50A9F109AD4D}.Release|Any CPU.ActiveCfg = Release|Any CPU
		{B9139870-C060-4308-8ECA-50A9F109AD4D}.Release|Any CPU.Build.0 = Release|Any CPU
	EndGlobalSection
	GlobalSection(SolutionProperties) = preSolution
		HideSolutionNode = FALSE
	EndGlobalSection
	GlobalSection(ExtensibilityGlobals) = postSolution
		SolutionGuid = {27200DF6-F2B9-424A-88E7-8CB1C231B7C4}
	EndGlobalSection
EndGlobal
